// !$*UTF8*$!
{
	archiveVersion = 1;
	classes = {
	};
	objectVersion = 50;
	objects = {

/* Begin PBXBuildFile section */
		BB720775256FC09A00232C41 /* sokoban.c in Sources */ = {isa = PBXBuildFile; fileRef = BB720774256FC09A00232C41 /* sokoban.c */; };
		BB74567E25483348005CE915 /* main.c in Sources */ = {isa = PBXBuildFile; fileRef = BB74567D25483348005CE915 /* main.c */; };
/* End PBXBuildFile section */

/* Begin PBXCopyFilesBuildPhase section */
		BB74567825483348005CE915 /* CopyFiles */ = {
			isa = PBXCopyFilesBuildPhase;
			buildActionMask = 2147483647;
			dstPath = /usr/share/man/man1/;
			dstSubfolderSpec = 0;
			files = (
			);
			runOnlyForDeploymentPostprocessing = 1;
		};
/* End PBXCopyFilesBuildPhase section */

/* Begin PBXFileReference section */
		BB001932255CA19C0045705C /* map01.txt */ = {isa = PBXFileReference; fileEncoding = 4; lastKnownFileType = text; path = map01.txt; sourceTree = "<group>"; };
		BB001933255CA19C0045705C /* HowToPlay.txt */ = {isa = PBXFileReference; fileEncoding = 4; lastKnownFileType = text; path = HowToPlay.txt; sourceTree = "<group>"; };
		BB001934255CA19C0045705C /* map00.txt */ = {isa = PBXFileReference; fileEncoding = 4; lastKnownFileType = text; path = map00.txt; sourceTree = "<group>"; };
		BB001935255CA19C0045705C /* Credits.txt */ = {isa = PBXFileReference; fileEncoding = 4; lastKnownFileType = text; path = Credits.txt; sourceTree = "<group>"; };
		BB720773256FC09A00232C41 /* sokoban.h */ = {isa = PBXFileReference; lastKnownFileType = sourcecode.c.h; path = sokoban.h; sourceTree = "<group>"; };
		BB720774256FC09A00232C41 /* sokoban.c */ = {isa = PBXFileReference; lastKnownFileType = sourcecode.c.c; path = sokoban.c; sourceTree = "<group>"; };
		BB74567A25483348005CE915 /* sokoban */ = {isa = PBXFileReference; explicitFileType = "compiled.mach-o.executable"; includeInIndex = 0; path = sokoban; sourceTree = BUILT_PRODUCTS_DIR; };
		BB74567D25483348005CE915 /* main.c */ = {isa = PBXFileReference; lastKnownFileType = sourcecode.c.c; path = main.c; sourceTree = "<group>"; };
		BBE9A861256038CA00E9319B /* TopPlayer.txt */ = {isa = PBXFileReference; fileEncoding = 4; lastKnownFileType = text; path = TopPlayer.txt; sourceTree = "<group>"; };
/* End PBXFileReference section */

/* Begin PBXFrameworksBuildPhase section */
		BB74567725483348005CE915 /* Frameworks */ = {
			isa = PBXFrameworksBuildPhase;
			buildActionMask = 2147483647;
			files = (
			);
			runOnlyForDeploymentPostprocessing = 0;
		};
/* End PBXFrameworksBuildPhase section */

/* Begin PBXGroup section */
		BB74567125483348005CE915 = {
			isa = PBXGroup;
			children = (
				BB74567C25483348005CE915 /* sokoban */,
				BB74567B25483348005CE915 /* Products */,
			);
			sourceTree = "<group>";
		};
		BB74567B25483348005CE915 /* Products */ = {
			isa = PBXGroup;
			children = (
				BB74567A25483348005CE915 /* sokoban */,
			);
			name = Products;
			sourceTree = "<group>";
		};
		BB74567C25483348005CE915 /* sokoban */ = {
			isa = PBXGroup;
			children = (
				BB74567D25483348005CE915 /* main.c */,
				BB720773256FC09A00232C41 /* sokoban.h */,
				BB720774256FC09A00232C41 /* sokoban.c */,
				BB001935255CA19C0045705C /* Credits.txt */,
				BB001933255CA19C0045705C /* HowToPlay.txt */,
				BB001934255CA19C0045705C /* map00.txt */,
				BBE9A861256038CA00E9319B /* TopPlayer.txt */,
				BB001932255CA19C0045705C /* map01.txt */,
			);
			path = sokoban;
			sourceTree = "<group>";
		};
/* End PBXGroup section */

/* Begin PBXNativeTarget section */
		BB74567925483348005CE915 /* sokoban */ = {
			isa = PBXNativeTarget;
			buildConfigurationList = BB74568125483348005CE915 /* Build configuration list for PBXNativeTarget "sokoban" */;
			buildPhases = (
				BB74567625483348005CE915 /* Sources */,
				BB74567725483348005CE915 /* Frameworks */,
				BB74567825483348005CE915 /* CopyFiles */,
			);
			buildRules = (
			);
			dependencies = (
			);
			name = sokoban;
			productName = sokoban;
			productReference = BB74567A25483348005CE915 /* sokoban */;
			productType = "com.apple.product-type.tool";
		};
/* End PBXNativeTarget section */

/* Begin PBXProject section */
		BB74567225483348005CE915 /* Project object */ = {
			isa = PBXProject;
			attributes = {
				LastUpgradeCheck = 1110;
				ORGANIZATIONNAME = "Khongmeng Kormoua";
				TargetAttributes = {
					BB74567925483348005CE915 = {
						CreatedOnToolsVersion = 11.1;
					};
				};
			};
			buildConfigurationList = BB74567525483348005CE915 /* Build configuration list for PBXProject "sokoban" */;
			compatibilityVersion = "Xcode 9.3";
			developmentRegion = en;
			hasScannedForEncodings = 0;
			knownRegions = (
				en,
				Base,
			);
			mainGroup = BB74567125483348005CE915;
			productRefGroup = BB74567B25483348005CE915 /* Products */;
			projectDirPath = "";
			projectRoot = "";
			targets = (
				BB74567925483348005CE915 /* sokoban */,
			);
		};
/* End PBXProject section */

/* Begin PBXSourcesBuildPhase section */
		BB74567625483348005CE915 /* Sources */ = {
			isa = PBXSourcesBuildPhase;
			buildActionMask = 2147483647;
			files = (
				BB74567E25483348005CE915 /* main.c in Sources */,
				BB720775256FC09A00232C41 /* sokoban.c in Sources */,
			);
			runOnlyForDeploymentPostprocessing = 0;
		};
/* End PBXSourcesBuildPhase section */

/* Begin XCBuildConfiguration section */
		BB74567F25483348005CE915 /* Debug */ = {
			isa = XCBuildConfiguration;
			buildSettings = {
				ALWAYS_SEARCH_USER_PATHS = NO;
				CLANG_ANALYZER_NONNULL = YES;
				CLANG_ANALYZER_NUMBER_OBJECT_CONVERSION = YES_AGGRESSIVE;
				CLANG_CXX_LANGUAGE_STANDARD = "gnu++14";
				CLANG_CXX_LIBRARY = "libc++";
				CLANG_ENABLE_MODULES = YES;
				CLANG_ENABLE_OBJC_ARC = YES;
				CLANG_ENABLE_OBJC_WEAK = YES;
				CLANG_WARN_BLOCK_CAPTURE_AUTORELEASING = YES;
				CLANG_WARN_BOOL_CONVERSION = YES;
				CLANG_WARN_COMMA = YES;
				CLANG_WARN_CONSTANT_CONVERSION = YES;
				CLANG_WARN_DEPRECATED_OBJC_IMPLEMENTATIONS = YES;
				CLANG_WARN_DIRECT_OBJC_ISA_USAGE = YES_ERROR;
				CLANG_WARN_DOCUMENTATION_COMMENTS = YES;
				CLANG_WARN_EMPTY_BODY = YES;
				CLANG_WARN_ENUM_CONVERSION = YES;
				CLANG_WARN_INFINITE_RECURSION = YES;
				CLANG_WARN_INT_CONVERSION = YES;
				CLANG_WARN_NON_LITERAL_NULL_CONVERSION = YES;
				CLANG_WARN_OBJC_IMPLICIT_RETAIN_SELF = YES;
				CLANG_WARN_OBJC_LITERAL_CONVERSION = YES;
				CLANG_WARN_OBJC_ROOT_CLASS = YES_ERROR;
				CLANG_WARN_RANGE_LOOP_ANALYSIS = YES;
				CLANG_WARN_STRICT_PROTOTYPES = YES;
				CLANG_WARN_SUSPICIOUS_MOVE = YES;
				CLANG_WARN_UNGUARDED_AVAILABILITY = YES_AGGRESSIVE;
				CLANG_WARN_UNREACHABLE_CODE = YES;
				CLANG_WARN__DUPLICATE_METHOD_MATCH = YES;
				COPY_PHASE_STRIP = NO;
				DEBUG_INFORMATION_FORMAT = dwarf;
				ENABLE_STRICT_OBJC_MSGSEND = YES;
				ENABLE_TESTABILITY = YES;
				GCC_C_LANGUAGE_STANDARD = gnu11;
				GCC_DYNAMIC_NO_PIC = NO;
				GCC_NO_COMMON_BLOCKS = YES;
				GCC_OPTIMIZATION_LEVEL = 0;
				GCC_PREPROCESSOR_DEFINITIONS = (
					"DEBUG=1",
					"$(inherited)",
				);
				GCC_WARN_64_TO_32_BIT_CONVERSION = YES;
				GCC_WARN_ABOUT_RETURN_TYPE = YES_ERROR;
				GCC_WARN_UNDECLARED_SELECTOR = YES;
				GCC_WARN_UNINITIALIZED_AUTOS = YES_AGGRESSIVE;
				GCC_WARN_UNUSED_FUNCTION = YES;
				GCC_WARN_UNUSED_VARIABLE = YES;
				MACOSX_DEPLOYMENT_TARGET = 10.14;
				MTL_ENABLE_DEBUG_INFO = INCLUDE_SOURCE;
				MTL_FAST_MATH = YES;
				ONLY_ACTIVE_ARCH = YES;
				SDKROOT = macosx;
			};
			name = Debug;
		};
		BB74568025483348005CE915 /* Release */ = {
			isa = XCBuildConfiguration;
			buildSettings = {
				ALWAYS_SEARCH_USER_PATHS = NO;
				CLANG_ANALYZER_NONNULL = YES;
				CLANG_ANALYZER_NUMBER_OBJECT_CONVERSION = YES_AGGRESSIVE;
				CLANG_CXX_LANGUAGE_STANDARD = "gnu++14";
				CLANG_CXX_LIBRARY = "libc++";
				CLANG_ENABLE_MODULES = YES;
				CLANG_ENABLE_OBJC_ARC = YES;
				CLANG_ENABLE_OBJC_WEAK = YES;
				CLANG_WARN_BLOCK_CAPTURE_AUTORELEASING = YES;
				CLANG_WARN_BOOL_CONVERSION = YES;
				CLANG_WARN_COMMA = YES;
				CLANG_WARN_CONSTANT_CONVERSION = YES;
				CLANG_WARN_DEPRECATED_OBJC_IMPLEMENTATIONS = YES;
				CLANG_WARN_DIRECT_OBJC_ISA_USAGE = YES_ERROR;
				CLANG_WARN_DOCUMENTATION_COMMENTS = YES;
				CLANG_WARN_EMPTY_BODY = YES;
				CLANG_WARN_ENUM_CONVERSION = YES;
				CLANG_WARN_INFINITE_RECURSION = YES;
				CLANG_WARN_INT_CONVERSION = YES;
				CLANG_WARN_NON_LITERAL_NULL_CONVERSION = YES;
				CLANG_WARN_OBJC_IMPLICIT_RETAIN_SELF = YES;
				CLANG_WARN_OBJC_LITERAL_CONVERSION = YES;
				CLANG_WARN_OBJC_ROOT_CLASS = YES_ERROR;
				CLANG_WARN_RANGE_LOOP_ANALYSIS = YES;
				CLANG_WARN_STRICT_PROTOTYPES = YES;
				CLANG_WARN_SUSPICIOUS_MOVE = YES;
				CLANG_WARN_UNGUARDED_AVAILABILITY = YES_AGGRESSIVE;
				CLANG_WARN_UNREACHABLE_CODE = YES;
				CLANG_WARN__DUPLICATE_METHOD_MATCH = YES;
				COPY_PHASE_STRIP = NO;
				DEBUG_INFORMATION_FORMAT = "dwarf-with-dsym";
				ENABLE_NS_ASSERTIONS = NO;
				ENABLE_STRICT_OBJC_MSGSEND = YES;
				GCC_C_LANGUAGE_STANDARD = gnu11;
				GCC_NO_COMMON_BLOCKS = YES;
				GCC_WARN_64_TO_32_BIT_CONVERSION = YES;
				GCC_WARN_ABOUT_RETURN_TYPE = YES_ERROR;
				GCC_WARN_UNDECLARED_SELECTOR = YES;
				GCC_WARN_UNINITIALIZED_AUTOS = YES_AGGRESSIVE;
				GCC_WARN_UNUSED_FUNCTION = YES;
				GCC_WARN_UNUSED_VARIABLE = YES;
				MACOSX_DEPLOYMENT_TARGET = 10.14;
				MTL_ENABLE_DEBUG_INFO = NO;
				MTL_FAST_MATH = YES;
				SDKROOT = macosx;
			};
			name = Release;
		};
		BB74568225483348005CE915 /* Debug */ = {
			isa = XCBuildConfiguration;
			buildSettings = {
				CODE_SIGN_STYLE = Automatic;
				PRODUCT_NAME = "$(TARGET_NAME)";
			};
			name = Debug;
		};
		BB74568325483348005CE915 /* Release */ = {
			isa = XCBuildConfiguration;
			buildSettings = {
				CODE_SIGN_STYLE = Automatic;
				PRODUCT_NAME = "$(TARGET_NAME)";
			};
			name = Release;
		};
/* End XCBuildConfiguration section */

/* Begin XCConfigurationList section */
		BB74567525483348005CE915 /* Build configuration list for PBXProject "sokoban" */ = {
			isa = XCConfigurationList;
			buildConfigurations = (
				BB74567F25483348005CE915 /* Debug */,
				BB74568025483348005CE915 /* Release */,
			);
			defaultConfigurationIsVisible = 0;
			defaultConfigurationName = Release;
		};
		BB74568125483348005CE915 /* Build configuration list for PBXNativeTarget "sokoban" */ = {
			isa = XCConfigurationList;
			buildConfigurations = (
				BB74568225483348005CE915 /* Debug */,
				BB74568325483348005CE915 /* Release */,
			);
			defaultConfigurationIsVisible = 0;
			defaultConfigurationName = Release;
		};
/* End XCConfigurationList section */
	};
	rootObject = BB74567225483348005CE915 /* Project object */;
}
